PODS:
  - Alamofire (3.4.0)
  - AlecrimCoreData (4.1.1)
  - JSONJoy-Swift (2.0.0)
  - SwiftHTTP (1.0.5)

DEPENDENCIES:
  - Alamofire
  - AlecrimCoreData
  - JSONJoy-Swift
  - SwiftHTTP

SPEC CHECKSUMS:
  Alamofire: c19a627cefd6a95f840401c49ab1f124e07f54ee
  AlecrimCoreData: 1888f0ea2bc7d28ded9a967d863027c9446b9069
  JSONJoy-Swift: 9dc31dfb9e551c3ae7781513a86e369598102653
  SwiftHTTP: edb45e72f27d1d95d328d2b2c16a61aa94f1e9f7

COCOAPODS: 0.39.0
